
Microsoft Visual Studio Solution File, Format Version 12.00
# Visual Studio 14
VisualStudioVersion = 14.0.25420.1
MinimumVisualStudioVersion = 10.0.40219.1
Project("{FAE04EC0-301F-11D3-BF4B-00C04F79EFBC}") = "WeiXin", "WeiXin\WeiXin.csproj", "{A3BFB9F0-8E25-47CF-8499-C5DF798DD658}"
EndProject
Project("{FAE04EC0-301F-11D3-BF4B-00C04F79EFBC}") = "PublicLibrary", "PublicLibrary\PublicLibrary.csproj", "{7963F2E2-9B38-4581-A297-35AD27BA6190}"
EndProject
Project("{FAE04EC0-301F-11D3-BF4B-00C04F79EFBC}") = "PublicAccount", "PublicAccount\PublicAccount.csproj", "{EFA87A16-41AE-48BF-AF6D-BFF6EF92B093}"
EndProject
Project("{FAE04EC0-301F-11D3-BF4B-00C04F79EFBC}") = "Tuling", "Tuling\Tuling.csproj", "{6BEA2279-CF55-42D0-B66C-3EF8F1EFF166}"
EndProject
Global
	GlobalSection(SolutionConfigurationPlatforms) = preSolution
		Debug|Any CPU = Debug|Any CPU
		Release|Any CPU = Release|Any CPU
	EndGlobalSection
	GlobalSection(ProjectConfigurationPlatforms) = postSolution
		{A3BFB9F0-8E25-47CF-8499-C5DF798DD658}.Debug|Any CPU.ActiveCfg = Debug|Any CPU
		{A3BFB9F0-8E25-47CF-8499-C5DF798DD658}.Debug|Any CPU.Build.0 = Debug|Any CPU
		{A3BFB9F0-8E25-47CF-8499-C5DF798DD658}.Release|Any CPU.ActiveCfg = Release|Any CPU
		{A3BFB9F0-8E25-47CF-8499-C5DF798DD658}.Release|Any CPU.Build.0 = Release|Any CPU
		{7963F2E2-9B38-4581-A297-35AD27BA6190}.Debug|Any CPU.ActiveCfg = Debug|Any CPU
		{7963F2E2-9B38-4581-A297-35AD27BA6190}.Debug|Any CPU.Build.0 = Debug|Any CPU
		{7963F2E2-9B38-4581-A297-35AD27BA6190}.Release|Any CPU.ActiveCfg = Release|Any CPU
		{7963F2E2-9B38-4581-A297-35AD27BA6190}.Release|Any CPU.Build.0 = Release|Any CPU
		{EFA87A16-41AE-48BF-AF6D-BFF6EF92B093}.Debug|Any CPU.ActiveCfg = Debug|Any CPU
		{EFA87A16-41AE-48BF-AF6D-BFF6EF92B093}.Debug|Any CPU.Build.0 = Debug|Any CPU
		{EFA87A16-41AE-48BF-AF6D-BFF6EF92B093}.Release|Any CPU.ActiveCfg = Release|Any CPU
		{EFA87A16-41AE-48BF-AF6D-BFF6EF92B093}.Release|Any CPU.Build.0 = Release|Any CPU
		{6BEA2279-CF55-42D0-B66C-3EF8F1EFF166}.Debug|Any CPU.ActiveCfg = Debug|Any CPU
		{6BEA2279-CF55-42D0-B66C-3EF8F1EFF166}.Debug|Any CPU.Build.0 = Debug|Any CPU
		{6BEA2279-CF55-42D0-B66C-3EF8F1EFF166}.Release|Any CPU.ActiveCfg = Release|Any CPU
		{6BEA2279-CF55-42D0-B66C-3EF8F1EFF166}.Release|Any CPU.Build.0 = Release|Any CPU
	EndGlobalSection
	GlobalSection(SolutionProperties) = preSolution
		HideSolutionNode = FALSE
	EndGlobalSection
EndGlobal
