
Microsoft Visual Studio Solution File, Format Version 12.00
# Visual Studio 14
VisualStudioVersion = 14.0.25420.1
MinimumVisualStudioVersion = 10.0.40219.1
Project("{FAE04EC0-301F-11D3-BF4B-00C04F79EFBC}") = "ChessApp", "ChessApp\ChessApp.csproj", "{55097F0D-8426-45A9-AB1A-F5CCEEC32F06}"
EndProject
Project("{8BC9CEB8-8B4A-11D0-8D11-00A0C91BC942}") = "RecognitionCards", "RecognitionCards\RecognitionCards.vcxproj", "{2A0ED230-5B8E-4247-8168-ED183EE5AEFF}"
EndProject
Project("{8BC9CEB8-8B4A-11D0-8D11-00A0C91BC942}") = "ScreenShot", "ScreenShot\ScreenShot.vcxproj", "{356EF19E-49E9-4EF2-A6AA-7FE8AB1AA0C4}"
EndProject
Project("{FAE04EC0-301F-11D3-BF4B-00C04F79EFBC}") = "ControlPhone", "ControlPhone\ControlPhone.csproj", "{0B675EAA-7BCD-4BAF-AAE0-B81E2C2A5A51}"
EndProject
Global
	GlobalSection(SolutionConfigurationPlatforms) = preSolution
		Debug|Any CPU = Debug|Any CPU
		Debug|x64 = Debug|x64
		Debug|x86 = Debug|x86
		Release|Any CPU = Release|Any CPU
		Release|x64 = Release|x64
		Release|x86 = Release|x86
	EndGlobalSection
	GlobalSection(ProjectConfigurationPlatforms) = postSolution
		{55097F0D-8426-45A9-AB1A-F5CCEEC32F06}.Debug|Any CPU.ActiveCfg = Debug|Any CPU
		{55097F0D-8426-45A9-AB1A-F5CCEEC32F06}.Debug|Any CPU.Build.0 = Debug|Any CPU
		{55097F0D-8426-45A9-AB1A-F5CCEEC32F06}.Debug|x64.ActiveCfg = Debug|Any CPU
		{55097F0D-8426-45A9-AB1A-F5CCEEC32F06}.Debug|x64.Build.0 = Debug|Any CPU
		{55097F0D-8426-45A9-AB1A-F5CCEEC32F06}.Debug|x86.ActiveCfg = Debug|Any CPU
		{55097F0D-8426-45A9-AB1A-F5CCEEC32F06}.Debug|x86.Build.0 = Debug|Any CPU
		{55097F0D-8426-45A9-AB1A-F5CCEEC32F06}.Release|Any CPU.ActiveCfg = Release|Any CPU
		{55097F0D-8426-45A9-AB1A-F5CCEEC32F06}.Release|Any CPU.Build.0 = Release|Any CPU
		{55097F0D-8426-45A9-AB1A-F5CCEEC32F06}.Release|x64.ActiveCfg = Release|Any CPU
		{55097F0D-8426-45A9-AB1A-F5CCEEC32F06}.Release|x64.Build.0 = Release|Any CPU
		{55097F0D-8426-45A9-AB1A-F5CCEEC32F06}.Release|x86.ActiveCfg = Release|Any CPU
		{55097F0D-8426-45A9-AB1A-F5CCEEC32F06}.Release|x86.Build.0 = Release|Any CPU
		{2A0ED230-5B8E-4247-8168-ED183EE5AEFF}.Debug|Any CPU.ActiveCfg = Debug|Win32
		{2A0ED230-5B8E-4247-8168-ED183EE5AEFF}.Debug|x64.ActiveCfg = Debug|x64
		{2A0ED230-5B8E-4247-8168-ED183EE5AEFF}.Debug|x64.Build.0 = Debug|x64
		{2A0ED230-5B8E-4247-8168-ED183EE5AEFF}.Debug|x86.ActiveCfg = Debug|Win32
		{2A0ED230-5B8E-4247-8168-ED183EE5AEFF}.Debug|x86.Build.0 = Debug|Win32
		{2A0ED230-5B8E-4247-8168-ED183EE5AEFF}.Release|Any CPU.ActiveCfg = Release|Win32
		{2A0ED230-5B8E-4247-8168-ED183EE5AEFF}.Release|x64.ActiveCfg = Release|x64
		{2A0ED230-5B8E-4247-8168-ED183EE5AEFF}.Release|x64.Build.0 = Release|x64
		{2A0ED230-5B8E-4247-8168-ED183EE5AEFF}.Release|x86.ActiveCfg = Release|Win32
		{2A0ED230-5B8E-4247-8168-ED183EE5AEFF}.Release|x86.Build.0 = Release|Win32
		{356EF19E-49E9-4EF2-A6AA-7FE8AB1AA0C4}.Debug|Any CPU.ActiveCfg = Debug|Win32
		{356EF19E-49E9-4EF2-A6AA-7FE8AB1AA0C4}.Debug|x64.ActiveCfg = Debug|x64
		{356EF19E-49E9-4EF2-A6AA-7FE8AB1AA0C4}.Debug|x64.Build.0 = Debug|x64
		{356EF19E-49E9-4EF2-A6AA-7FE8AB1AA0C4}.Debug|x86.ActiveCfg = Debug|Win32
		{356EF19E-49E9-4EF2-A6AA-7FE8AB1AA0C4}.Debug|x86.Build.0 = Debug|Win32
		{356EF19E-49E9-4EF2-A6AA-7FE8AB1AA0C4}.Release|Any CPU.ActiveCfg = Release|Win32
		{356EF19E-49E9-4EF2-A6AA-7FE8AB1AA0C4}.Release|x64.ActiveCfg = Release|x64
		{356EF19E-49E9-4EF2-A6AA-7FE8AB1AA0C4}.Release|x64.Build.0 = Release|x64
		{356EF19E-49E9-4EF2-A6AA-7FE8AB1AA0C4}.Release|x86.ActiveCfg = Release|Win32
		{356EF19E-49E9-4EF2-A6AA-7FE8AB1AA0C4}.Release|x86.Build.0 = Release|Win32
		{0B675EAA-7BCD-4BAF-AAE0-B81E2C2A5A51}.Debug|Any CPU.ActiveCfg = Debug|Any CPU
		{0B675EAA-7BCD-4BAF-AAE0-B81E2C2A5A51}.Debug|Any CPU.Build.0 = Debug|Any CPU
		{0B675EAA-7BCD-4BAF-AAE0-B81E2C2A5A51}.Debug|x64.ActiveCfg = Debug|Any CPU
		{0B675EAA-7BCD-4BAF-AAE0-B81E2C2A5A51}.Debug|x64.Build.0 = Debug|Any CPU
		{0B675EAA-7BCD-4BAF-AAE0-B81E2C2A5A51}.Debug|x86.ActiveCfg = Debug|Any CPU
		{0B675EAA-7BCD-4BAF-AAE0-B81E2C2A5A51}.Debug|x86.Build.0 = Debug|Any CPU
		{0B675EAA-7BCD-4BAF-AAE0-B81E2C2A5A51}.Release|Any CPU.ActiveCfg = Release|Any CPU
		{0B675EAA-7BCD-4BAF-AAE0-B81E2C2A5A51}.Release|Any CPU.Build.0 = Release|Any CPU
		{0B675EAA-7BCD-4BAF-AAE0-B81E2C2A5A51}.Release|x64.ActiveCfg = Release|Any CPU
		{0B675EAA-7BCD-4BAF-AAE0-B81E2C2A5A51}.Release|x64.Build.0 = Release|Any CPU
		{0B675EAA-7BCD-4BAF-AAE0-B81E2C2A5A51}.Release|x86.ActiveCfg = Release|Any CPU
		{0B675EAA-7BCD-4BAF-AAE0-B81E2C2A5A51}.Release|x86.Build.0 = Release|Any CPU
	EndGlobalSection
	GlobalSection(SolutionProperties) = preSolution
		HideSolutionNode = FALSE
	EndGlobalSection
EndGlobal
