
Microsoft Visual Studio Solution File, Format Version 12.00
# Visual Studio 14
VisualStudioVersion = 14.0.25420.1
MinimumVisualStudioVersion = 10.0.40219.1
Project("{8BC9CEB8-8B4A-11D0-8D11-00A0C91BC942}") = "01ConsoleApplication1", "ConsoleApplication1\ConsoleApplication1.vcxproj", "{0813A037-9FE1-4B46-B32F-878986CD1382}"
EndProject
Project("{8BC9CEB8-8B4A-11D0-8D11-00A0C91BC942}") = "02ImageZoom", "ImageZoom\ImageZoom.vcxproj", "{32293551-3B79-47A1-953C-6808B6C9D7AB}"
EndProject
Project("{8BC9CEB8-8B4A-11D0-8D11-00A0C91BC942}") = "03EdgeExtracting", "EdgeExtracting\EdgeExtracting.vcxproj", "{F00560CD-28B4-4E62-BCD9-B110B4D8735F}"
EndProject
Project("{8BC9CEB8-8B4A-11D0-8D11-00A0C91BC942}") = "04Binaryzation", "Binaryzation\Binaryzation.vcxproj", "{6C5A9CF1-E0B6-45A5-ACE5-5F3FF312422D}"
EndProject
Project("{8BC9CEB8-8B4A-11D0-8D11-00A0C91BC942}") = "05ContourDetection", "ContourDetection\ContourDetection.vcxproj", "{239E0D26-EF78-4BAE-8428-D53F9837E84D}"
EndProject
Project("{8BC9CEB8-8B4A-11D0-8D11-00A0C91BC942}") = "06LineAndCircleDetection", "LineAndCircleDetection\LineAndCircleDetection.vcxproj", "{18C3ED49-B846-4087-880B-49781CE7E59B}"
EndProject
Project("{8BC9CEB8-8B4A-11D0-8D11-00A0C91BC942}") = "07Histogram", "Histogram\Histogram.vcxproj", "{02BF2E01-F830-4CF4-81B9-37BD14A47C7F}"
EndProject
Project("{8BC9CEB8-8B4A-11D0-8D11-00A0C91BC942}") = "08EqualizeHist", "EqualizeHist\EqualizeHist.vcxproj", "{1E561BDA-D34C-4DAA-954B-AD0440D96FD6}"
EndProject
Project("{8BC9CEB8-8B4A-11D0-8D11-00A0C91BC942}") = "09EqualizeHistColorImage", "EqualizeHistColorImage\EqualizeHistColorImage.vcxproj", "{AE1D374F-147A-421A-8820-17CA2C50FCA0}"
EndProject
Project("{8BC9CEB8-8B4A-11D0-8D11-00A0C91BC942}") = "10SetMouseCallback", "SetMouseCallback\SetMouseCallback.vcxproj", "{DB990A2D-E362-426F-8CD3-57D554608659}"
EndProject
Project("{8BC9CEB8-8B4A-11D0-8D11-00A0C91BC942}") = "11FaceRecognition", "FaceRecognition\FaceRecognition.vcxproj", "{6B5F7DCD-19F6-4EB8-A5F8-5674D19F7FAB}"
EndProject
Project("{8BC9CEB8-8B4A-11D0-8D11-00A0C91BC942}") = "Eigenfaces", "Eigenfaces\Eigenfaces.vcxproj", "{5F0963CD-0F74-4D22-AE87-47E88FE383BB}"
EndProject
Project("{2150E333-8FDC-42A3-9474-1A3956D46DE8}") = "Learning", "Learning", "{814CD3FC-3712-49E3-B7E4-A053FAB0AE1B}"
EndProject
Project("{2150E333-8FDC-42A3-9474-1A3956D46DE8}") = "Experiment", "Experiment", "{9F7CD966-67AF-4770-B77D-B05F6BA59B69}"
EndProject
Project("{8BC9CEB8-8B4A-11D0-8D11-00A0C91BC942}") = "TakePhoto", "TakePhoto\TakePhoto.vcxproj", "{DE0EACAA-8CED-49B3-A92B-5C272676D749}"
EndProject
Global
	GlobalSection(SolutionConfigurationPlatforms) = preSolution
		Debug|x64 = Debug|x64
		Debug|x86 = Debug|x86
		Release|x64 = Release|x64
		Release|x86 = Release|x86
	EndGlobalSection
	GlobalSection(ProjectConfigurationPlatforms) = postSolution
		{0813A037-9FE1-4B46-B32F-878986CD1382}.Debug|x64.ActiveCfg = Debug|x64
		{0813A037-9FE1-4B46-B32F-878986CD1382}.Debug|x64.Build.0 = Debug|x64
		{0813A037-9FE1-4B46-B32F-878986CD1382}.Debug|x86.ActiveCfg = Debug|Win32
		{0813A037-9FE1-4B46-B32F-878986CD1382}.Debug|x86.Build.0 = Debug|Win32
		{0813A037-9FE1-4B46-B32F-878986CD1382}.Release|x64.ActiveCfg = Release|x64
		{0813A037-9FE1-4B46-B32F-878986CD1382}.Release|x64.Build.0 = Release|x64
		{0813A037-9FE1-4B46-B32F-878986CD1382}.Release|x86.ActiveCfg = Release|Win32
		{0813A037-9FE1-4B46-B32F-878986CD1382}.Release|x86.Build.0 = Release|Win32
		{32293551-3B79-47A1-953C-6808B6C9D7AB}.Debug|x64.ActiveCfg = Debug|x64
		{32293551-3B79-47A1-953C-6808B6C9D7AB}.Debug|x64.Build.0 = Debug|x64
		{32293551-3B79-47A1-953C-6808B6C9D7AB}.Debug|x86.ActiveCfg = Debug|Win32
		{32293551-3B79-47A1-953C-6808B6C9D7AB}.Debug|x86.Build.0 = Debug|Win32
		{32293551-3B79-47A1-953C-6808B6C9D7AB}.Release|x64.ActiveCfg = Release|x64
		{32293551-3B79-47A1-953C-6808B6C9D7AB}.Release|x64.Build.0 = Release|x64
		{32293551-3B79-47A1-953C-6808B6C9D7AB}.Release|x86.ActiveCfg = Release|Win32
		{32293551-3B79-47A1-953C-6808B6C9D7AB}.Release|x86.Build.0 = Release|Win32
		{F00560CD-28B4-4E62-BCD9-B110B4D8735F}.Debug|x64.ActiveCfg = Debug|x64
		{F00560CD-28B4-4E62-BCD9-B110B4D8735F}.Debug|x64.Build.0 = Debug|x64
		{F00560CD-28B4-4E62-BCD9-B110B4D8735F}.Debug|x86.ActiveCfg = Debug|Win32
		{F00560CD-28B4-4E62-BCD9-B110B4D8735F}.Debug|x86.Build.0 = Debug|Win32
		{F00560CD-28B4-4E62-BCD9-B110B4D8735F}.Release|x64.ActiveCfg = Release|x64
		{F00560CD-28B4-4E62-BCD9-B110B4D8735F}.Release|x64.Build.0 = Release|x64
		{F00560CD-28B4-4E62-BCD9-B110B4D8735F}.Release|x86.ActiveCfg = Release|Win32
		{F00560CD-28B4-4E62-BCD9-B110B4D8735F}.Release|x86.Build.0 = Release|Win32
		{6C5A9CF1-E0B6-45A5-ACE5-5F3FF312422D}.Debug|x64.ActiveCfg = Debug|x64
		{6C5A9CF1-E0B6-45A5-ACE5-5F3FF312422D}.Debug|x64.Build.0 = Debug|x64
		{6C5A9CF1-E0B6-45A5-ACE5-5F3FF312422D}.Debug|x86.ActiveCfg = Debug|Win32
		{6C5A9CF1-E0B6-45A5-ACE5-5F3FF312422D}.Debug|x86.Build.0 = Debug|Win32
		{6C5A9CF1-E0B6-45A5-ACE5-5F3FF312422D}.Release|x64.ActiveCfg = Release|x64
		{6C5A9CF1-E0B6-45A5-ACE5-5F3FF312422D}.Release|x64.Build.0 = Release|x64
		{6C5A9CF1-E0B6-45A5-ACE5-5F3FF312422D}.Release|x86.ActiveCfg = Release|Win32
		{6C5A9CF1-E0B6-45A5-ACE5-5F3FF312422D}.Release|x86.Build.0 = Release|Win32
		{239E0D26-EF78-4BAE-8428-D53F9837E84D}.Debug|x64.ActiveCfg = Debug|x64
		{239E0D26-EF78-4BAE-8428-D53F9837E84D}.Debug|x64.Build.0 = Debug|x64
		{239E0D26-EF78-4BAE-8428-D53F9837E84D}.Debug|x86.ActiveCfg = Debug|Win32
		{239E0D26-EF78-4BAE-8428-D53F9837E84D}.Debug|x86.Build.0 = Debug|Win32
		{239E0D26-EF78-4BAE-8428-D53F9837E84D}.Release|x64.ActiveCfg = Release|x64
		{239E0D26-EF78-4BAE-8428-D53F9837E84D}.Release|x64.Build.0 = Release|x64
		{239E0D26-EF78-4BAE-8428-D53F9837E84D}.Release|x86.ActiveCfg = Release|Win32
		{239E0D26-EF78-4BAE-8428-D53F9837E84D}.Release|x86.Build.0 = Release|Win32
		{18C3ED49-B846-4087-880B-49781CE7E59B}.Debug|x64.ActiveCfg = Debug|x64
		{18C3ED49-B846-4087-880B-49781CE7E59B}.Debug|x64.Build.0 = Debug|x64
		{18C3ED49-B846-4087-880B-49781CE7E59B}.Debug|x86.ActiveCfg = Debug|Win32
		{18C3ED49-B846-4087-880B-49781CE7E59B}.Debug|x86.Build.0 = Debug|Win32
		{18C3ED49-B846-4087-880B-49781CE7E59B}.Release|x64.ActiveCfg = Release|x64
		{18C3ED49-B846-4087-880B-49781CE7E59B}.Release|x64.Build.0 = Release|x64
		{18C3ED49-B846-4087-880B-49781CE7E59B}.Release|x86.ActiveCfg = Release|Win32
		{18C3ED49-B846-4087-880B-49781CE7E59B}.Release|x86.Build.0 = Release|Win32
		{02BF2E01-F830-4CF4-81B9-37BD14A47C7F}.Debug|x64.ActiveCfg = Debug|x64
		{02BF2E01-F830-4CF4-81B9-37BD14A47C7F}.Debug|x64.Build.0 = Debug|x64
		{02BF2E01-F830-4CF4-81B9-37BD14A47C7F}.Debug|x86.ActiveCfg = Debug|Win32
		{02BF2E01-F830-4CF4-81B9-37BD14A47C7F}.Debug|x86.Build.0 = Debug|Win32
		{02BF2E01-F830-4CF4-81B9-37BD14A47C7F}.Release|x64.ActiveCfg = Release|x64
		{02BF2E01-F830-4CF4-81B9-37BD14A47C7F}.Release|x64.Build.0 = Release|x64
		{02BF2E01-F830-4CF4-81B9-37BD14A47C7F}.Release|x86.ActiveCfg = Release|Win32
		{02BF2E01-F830-4CF4-81B9-37BD14A47C7F}.Release|x86.Build.0 = Release|Win32
		{1E561BDA-D34C-4DAA-954B-AD0440D96FD6}.Debug|x64.ActiveCfg = Debug|x64
		{1E561BDA-D34C-4DAA-954B-AD0440D96FD6}.Debug|x64.Build.0 = Debug|x64
		{1E561BDA-D34C-4DAA-954B-AD0440D96FD6}.Debug|x86.ActiveCfg = Debug|Win32
		{1E561BDA-D34C-4DAA-954B-AD0440D96FD6}.Debug|x86.Build.0 = Debug|Win32
		{1E561BDA-D34C-4DAA-954B-AD0440D96FD6}.Release|x64.ActiveCfg = Release|x64
		{1E561BDA-D34C-4DAA-954B-AD0440D96FD6}.Release|x64.Build.0 = Release|x64
		{1E561BDA-D34C-4DAA-954B-AD0440D96FD6}.Release|x86.ActiveCfg = Release|Win32
		{1E561BDA-D34C-4DAA-954B-AD0440D96FD6}.Release|x86.Build.0 = Release|Win32
		{AE1D374F-147A-421A-8820-17CA2C50FCA0}.Debug|x64.ActiveCfg = Debug|x64
		{AE1D374F-147A-421A-8820-17CA2C50FCA0}.Debug|x64.Build.0 = Debug|x64
		{AE1D374F-147A-421A-8820-17CA2C50FCA0}.Debug|x86.ActiveCfg = Debug|Win32
		{AE1D374F-147A-421A-8820-17CA2C50FCA0}.Debug|x86.Build.0 = Debug|Win32
		{AE1D374F-147A-421A-8820-17CA2C50FCA0}.Release|x64.ActiveCfg = Release|x64
		{AE1D374F-147A-421A-8820-17CA2C50FCA0}.Release|x64.Build.0 = Release|x64
		{AE1D374F-147A-421A-8820-17CA2C50FCA0}.Release|x86.ActiveCfg = Release|Win32
		{AE1D374F-147A-421A-8820-17CA2C50FCA0}.Release|x86.Build.0 = Release|Win32
		{DB990A2D-E362-426F-8CD3-57D554608659}.Debug|x64.ActiveCfg = Debug|x64
		{DB990A2D-E362-426F-8CD3-57D554608659}.Debug|x64.Build.0 = Debug|x64
		{DB990A2D-E362-426F-8CD3-57D554608659}.Debug|x86.ActiveCfg = Debug|Win32
		{DB990A2D-E362-426F-8CD3-57D554608659}.Debug|x86.Build.0 = Debug|Win32
		{DB990A2D-E362-426F-8CD3-57D554608659}.Release|x64.ActiveCfg = Release|x64
		{DB990A2D-E362-426F-8CD3-57D554608659}.Release|x64.Build.0 = Release|x64
		{DB990A2D-E362-426F-8CD3-57D554608659}.Release|x86.ActiveCfg = Release|Win32
		{DB990A2D-E362-426F-8CD3-57D554608659}.Release|x86.Build.0 = Release|Win32
		{6B5F7DCD-19F6-4EB8-A5F8-5674D19F7FAB}.Debug|x64.ActiveCfg = Debug|x64
		{6B5F7DCD-19F6-4EB8-A5F8-5674D19F7FAB}.Debug|x64.Build.0 = Debug|x64
		{6B5F7DCD-19F6-4EB8-A5F8-5674D19F7FAB}.Debug|x86.ActiveCfg = Debug|Win32
		{6B5F7DCD-19F6-4EB8-A5F8-5674D19F7FAB}.Debug|x86.Build.0 = Debug|Win32
		{6B5F7DCD-19F6-4EB8-A5F8-5674D19F7FAB}.Release|x64.ActiveCfg = Release|x64
		{6B5F7DCD-19F6-4EB8-A5F8-5674D19F7FAB}.Release|x64.Build.0 = Release|x64
		{6B5F7DCD-19F6-4EB8-A5F8-5674D19F7FAB}.Release|x86.ActiveCfg = Release|Win32
		{6B5F7DCD-19F6-4EB8-A5F8-5674D19F7FAB}.Release|x86.Build.0 = Release|Win32
		{5F0963CD-0F74-4D22-AE87-47E88FE383BB}.Debug|x64.ActiveCfg = Debug|x64
		{5F0963CD-0F74-4D22-AE87-47E88FE383BB}.Debug|x64.Build.0 = Debug|x64
		{5F0963CD-0F74-4D22-AE87-47E88FE383BB}.Debug|x86.ActiveCfg = Debug|Win32
		{5F0963CD-0F74-4D22-AE87-47E88FE383BB}.Debug|x86.Build.0 = Debug|Win32
		{5F0963CD-0F74-4D22-AE87-47E88FE383BB}.Release|x64.ActiveCfg = Release|x64
		{5F0963CD-0F74-4D22-AE87-47E88FE383BB}.Release|x64.Build.0 = Release|x64
		{5F0963CD-0F74-4D22-AE87-47E88FE383BB}.Release|x86.ActiveCfg = Release|Win32
		{5F0963CD-0F74-4D22-AE87-47E88FE383BB}.Release|x86.Build.0 = Release|Win32
		{DE0EACAA-8CED-49B3-A92B-5C272676D749}.Debug|x64.ActiveCfg = Debug|x64
		{DE0EACAA-8CED-49B3-A92B-5C272676D749}.Debug|x64.Build.0 = Debug|x64
		{DE0EACAA-8CED-49B3-A92B-5C272676D749}.Debug|x86.ActiveCfg = Debug|Win32
		{DE0EACAA-8CED-49B3-A92B-5C272676D749}.Debug|x86.Build.0 = Debug|Win32
		{DE0EACAA-8CED-49B3-A92B-5C272676D749}.Release|x64.ActiveCfg = Release|x64
		{DE0EACAA-8CED-49B3-A92B-5C272676D749}.Release|x64.Build.0 = Release|x64
		{DE0EACAA-8CED-49B3-A92B-5C272676D749}.Release|x86.ActiveCfg = Release|Win32
		{DE0EACAA-8CED-49B3-A92B-5C272676D749}.Release|x86.Build.0 = Release|Win32
	EndGlobalSection
	GlobalSection(SolutionProperties) = preSolution
		HideSolutionNode = FALSE
	EndGlobalSection
	GlobalSection(NestedProjects) = preSolution
		{0813A037-9FE1-4B46-B32F-878986CD1382} = {814CD3FC-3712-49E3-B7E4-A053FAB0AE1B}
		{32293551-3B79-47A1-953C-6808B6C9D7AB} = {814CD3FC-3712-49E3-B7E4-A053FAB0AE1B}
		{F00560CD-28B4-4E62-BCD9-B110B4D8735F} = {814CD3FC-3712-49E3-B7E4-A053FAB0AE1B}
		{6C5A9CF1-E0B6-45A5-ACE5-5F3FF312422D} = {814CD3FC-3712-49E3-B7E4-A053FAB0AE1B}
		{239E0D26-EF78-4BAE-8428-D53F9837E84D} = {814CD3FC-3712-49E3-B7E4-A053FAB0AE1B}
		{18C3ED49-B846-4087-880B-49781CE7E59B} = {814CD3FC-3712-49E3-B7E4-A053FAB0AE1B}
		{02BF2E01-F830-4CF4-81B9-37BD14A47C7F} = {814CD3FC-3712-49E3-B7E4-A053FAB0AE1B}
		{1E561BDA-D34C-4DAA-954B-AD0440D96FD6} = {814CD3FC-3712-49E3-B7E4-A053FAB0AE1B}
		{AE1D374F-147A-421A-8820-17CA2C50FCA0} = {814CD3FC-3712-49E3-B7E4-A053FAB0AE1B}
		{DB990A2D-E362-426F-8CD3-57D554608659} = {814CD3FC-3712-49E3-B7E4-A053FAB0AE1B}
		{6B5F7DCD-19F6-4EB8-A5F8-5674D19F7FAB} = {814CD3FC-3712-49E3-B7E4-A053FAB0AE1B}
		{5F0963CD-0F74-4D22-AE87-47E88FE383BB} = {9F7CD966-67AF-4770-B77D-B05F6BA59B69}
		{DE0EACAA-8CED-49B3-A92B-5C272676D749} = {9F7CD966-67AF-4770-B77D-B05F6BA59B69}
	EndGlobalSection
EndGlobal
