
Microsoft Visual Studio Solution File, Format Version 12.00
# Visual Studio 14
VisualStudioVersion = 14.0.25420.1
MinimumVisualStudioVersion = 10.0.40219.1
Project("{FAE04EC0-301F-11D3-BF4B-00C04F79EFBC}") = "Interface", "Interface\Interface.csproj", "{489212F2-7BEE-405D-9302-2323C81DC3D7}"
EndProject
Project("{FAE04EC0-301F-11D3-BF4B-00C04F79EFBC}") = "Model", "Model\Model.csproj", "{2A4168A1-8A66-435C-98CD-831CCC205745}"
EndProject
Project("{FAE04EC0-301F-11D3-BF4B-00C04F79EFBC}") = "Service", "Service\Service.csproj", "{67EF5528-F179-4377-AD4B-818A5E7CA030}"
EndProject
Project("{FAE04EC0-301F-11D3-BF4B-00C04F79EFBC}") = "Service.Host", "Service.Host\Service.Host.csproj", "{DDFA5E88-79AA-453E-A738-714EE8B5DAC6}"
EndProject
Project("{FAE04EC0-301F-11D3-BF4B-00C04F79EFBC}") = "ServiceStackAPP", "ServiceStackAPP\ServiceStackAPP.csproj", "{7CF132FC-83CC-47CD-BCF0-6CA13FEFCB9B}"
EndProject
Project("{FAE04EC0-301F-11D3-BF4B-00C04F79EFBC}") = "WebServiceStack", "WebServiceStack\WebServiceStack.csproj", "{461B01E1-8E13-4032-9CEC-0103B31A5FB3}"
EndProject
Project("{FAE04EC0-301F-11D3-BF4B-00C04F79EFBC}") = "Imgur", "Imgur-master\src\Imgur\Imgur.csproj", "{6F4EF73A-7D66-4BA6-9708-8C49DBCDE229}"
EndProject
Project("{2150E333-8FDC-42A3-9474-1A3956D46DE8}") = "学习", "学习", "{1353B93E-C591-433C-A34F-6026704E7693}"
EndProject
Project("{2150E333-8FDC-42A3-9474-1A3956D46DE8}") = "测试", "测试", "{96C1F08C-6870-438D-AEC3-8B9DA1C50A43}"
EndProject
Project("{FAE04EC0-301F-11D3-BF4B-00C04F79EFBC}") = "App.Model", "App.Model\App.Model.csproj", "{AD7DEEF5-C118-4CA8-814E-B823DB2D44D5}"
EndProject
Project("{FAE04EC0-301F-11D3-BF4B-00C04F79EFBC}") = "App.Service", "App.Service\App.Service.csproj", "{E9D7A264-254C-4CB6-BE5E-53191E120106}"
EndProject
Project("{FAE04EC0-301F-11D3-BF4B-00C04F79EFBC}") = "WebApplication", "WebApplication\WebApplication.csproj", "{EE25FE1F-FD4C-4AC9-8D1B-EB53E1A75097}"
EndProject
Project("{FAE04EC0-301F-11D3-BF4B-00C04F79EFBC}") = "APP.Host", "APP.Host\APP.Host.csproj", "{DD999ACA-06C9-4B15-A97F-57E08BB42AD0}"
EndProject
Global
	GlobalSection(SolutionConfigurationPlatforms) = preSolution
		Debug|Any CPU = Debug|Any CPU
		Release|Any CPU = Release|Any CPU
	EndGlobalSection
	GlobalSection(ProjectConfigurationPlatforms) = postSolution
		{489212F2-7BEE-405D-9302-2323C81DC3D7}.Debug|Any CPU.ActiveCfg = Debug|Any CPU
		{489212F2-7BEE-405D-9302-2323C81DC3D7}.Debug|Any CPU.Build.0 = Debug|Any CPU
		{489212F2-7BEE-405D-9302-2323C81DC3D7}.Release|Any CPU.ActiveCfg = Release|Any CPU
		{489212F2-7BEE-405D-9302-2323C81DC3D7}.Release|Any CPU.Build.0 = Release|Any CPU
		{2A4168A1-8A66-435C-98CD-831CCC205745}.Debug|Any CPU.ActiveCfg = Debug|Any CPU
		{2A4168A1-8A66-435C-98CD-831CCC205745}.Debug|Any CPU.Build.0 = Debug|Any CPU
		{2A4168A1-8A66-435C-98CD-831CCC205745}.Release|Any CPU.ActiveCfg = Release|Any CPU
		{2A4168A1-8A66-435C-98CD-831CCC205745}.Release|Any CPU.Build.0 = Release|Any CPU
		{67EF5528-F179-4377-AD4B-818A5E7CA030}.Debug|Any CPU.ActiveCfg = Debug|Any CPU
		{67EF5528-F179-4377-AD4B-818A5E7CA030}.Debug|Any CPU.Build.0 = Debug|Any CPU
		{67EF5528-F179-4377-AD4B-818A5E7CA030}.Release|Any CPU.ActiveCfg = Release|Any CPU
		{67EF5528-F179-4377-AD4B-818A5E7CA030}.Release|Any CPU.Build.0 = Release|Any CPU
		{DDFA5E88-79AA-453E-A738-714EE8B5DAC6}.Debug|Any CPU.ActiveCfg = Debug|Any CPU
		{DDFA5E88-79AA-453E-A738-714EE8B5DAC6}.Debug|Any CPU.Build.0 = Debug|Any CPU
		{DDFA5E88-79AA-453E-A738-714EE8B5DAC6}.Release|Any CPU.ActiveCfg = Release|Any CPU
		{DDFA5E88-79AA-453E-A738-714EE8B5DAC6}.Release|Any CPU.Build.0 = Release|Any CPU
		{7CF132FC-83CC-47CD-BCF0-6CA13FEFCB9B}.Debug|Any CPU.ActiveCfg = Debug|Any CPU
		{7CF132FC-83CC-47CD-BCF0-6CA13FEFCB9B}.Debug|Any CPU.Build.0 = Debug|Any CPU
		{7CF132FC-83CC-47CD-BCF0-6CA13FEFCB9B}.Release|Any CPU.ActiveCfg = Release|Any CPU
		{7CF132FC-83CC-47CD-BCF0-6CA13FEFCB9B}.Release|Any CPU.Build.0 = Release|Any CPU
		{461B01E1-8E13-4032-9CEC-0103B31A5FB3}.Debug|Any CPU.ActiveCfg = Debug|Any CPU
		{461B01E1-8E13-4032-9CEC-0103B31A5FB3}.Debug|Any CPU.Build.0 = Debug|Any CPU
		{461B01E1-8E13-4032-9CEC-0103B31A5FB3}.Release|Any CPU.ActiveCfg = Release|Any CPU
		{461B01E1-8E13-4032-9CEC-0103B31A5FB3}.Release|Any CPU.Build.0 = Release|Any CPU
		{6F4EF73A-7D66-4BA6-9708-8C49DBCDE229}.Debug|Any CPU.ActiveCfg = Debug|Any CPU
		{6F4EF73A-7D66-4BA6-9708-8C49DBCDE229}.Debug|Any CPU.Build.0 = Debug|Any CPU
		{6F4EF73A-7D66-4BA6-9708-8C49DBCDE229}.Release|Any CPU.ActiveCfg = Release|Any CPU
		{6F4EF73A-7D66-4BA6-9708-8C49DBCDE229}.Release|Any CPU.Build.0 = Release|Any CPU
		{AD7DEEF5-C118-4CA8-814E-B823DB2D44D5}.Debug|Any CPU.ActiveCfg = Debug|Any CPU
		{AD7DEEF5-C118-4CA8-814E-B823DB2D44D5}.Debug|Any CPU.Build.0 = Debug|Any CPU
		{AD7DEEF5-C118-4CA8-814E-B823DB2D44D5}.Release|Any CPU.ActiveCfg = Release|Any CPU
		{AD7DEEF5-C118-4CA8-814E-B823DB2D44D5}.Release|Any CPU.Build.0 = Release|Any CPU
		{E9D7A264-254C-4CB6-BE5E-53191E120106}.Debug|Any CPU.ActiveCfg = Debug|Any CPU
		{E9D7A264-254C-4CB6-BE5E-53191E120106}.Debug|Any CPU.Build.0 = Debug|Any CPU
		{E9D7A264-254C-4CB6-BE5E-53191E120106}.Release|Any CPU.ActiveCfg = Release|Any CPU
		{E9D7A264-254C-4CB6-BE5E-53191E120106}.Release|Any CPU.Build.0 = Release|Any CPU
		{EE25FE1F-FD4C-4AC9-8D1B-EB53E1A75097}.Debug|Any CPU.ActiveCfg = Debug|Any CPU
		{EE25FE1F-FD4C-4AC9-8D1B-EB53E1A75097}.Debug|Any CPU.Build.0 = Debug|Any CPU
		{EE25FE1F-FD4C-4AC9-8D1B-EB53E1A75097}.Release|Any CPU.ActiveCfg = Release|Any CPU
		{EE25FE1F-FD4C-4AC9-8D1B-EB53E1A75097}.Release|Any CPU.Build.0 = Release|Any CPU
		{DD999ACA-06C9-4B15-A97F-57E08BB42AD0}.Debug|Any CPU.ActiveCfg = Debug|Any CPU
		{DD999ACA-06C9-4B15-A97F-57E08BB42AD0}.Debug|Any CPU.Build.0 = Debug|Any CPU
		{DD999ACA-06C9-4B15-A97F-57E08BB42AD0}.Release|Any CPU.ActiveCfg = Release|Any CPU
		{DD999ACA-06C9-4B15-A97F-57E08BB42AD0}.Release|Any CPU.Build.0 = Release|Any CPU
	EndGlobalSection
	GlobalSection(SolutionProperties) = preSolution
		HideSolutionNode = FALSE
	EndGlobalSection
	GlobalSection(NestedProjects) = preSolution
		{489212F2-7BEE-405D-9302-2323C81DC3D7} = {1353B93E-C591-433C-A34F-6026704E7693}
		{2A4168A1-8A66-435C-98CD-831CCC205745} = {1353B93E-C591-433C-A34F-6026704E7693}
		{67EF5528-F179-4377-AD4B-818A5E7CA030} = {1353B93E-C591-433C-A34F-6026704E7693}
		{DDFA5E88-79AA-453E-A738-714EE8B5DAC6} = {1353B93E-C591-433C-A34F-6026704E7693}
		{7CF132FC-83CC-47CD-BCF0-6CA13FEFCB9B} = {1353B93E-C591-433C-A34F-6026704E7693}
		{461B01E1-8E13-4032-9CEC-0103B31A5FB3} = {1353B93E-C591-433C-A34F-6026704E7693}
		{6F4EF73A-7D66-4BA6-9708-8C49DBCDE229} = {1353B93E-C591-433C-A34F-6026704E7693}
		{AD7DEEF5-C118-4CA8-814E-B823DB2D44D5} = {96C1F08C-6870-438D-AEC3-8B9DA1C50A43}
		{E9D7A264-254C-4CB6-BE5E-53191E120106} = {96C1F08C-6870-438D-AEC3-8B9DA1C50A43}
		{EE25FE1F-FD4C-4AC9-8D1B-EB53E1A75097} = {96C1F08C-6870-438D-AEC3-8B9DA1C50A43}
		{DD999ACA-06C9-4B15-A97F-57E08BB42AD0} = {96C1F08C-6870-438D-AEC3-8B9DA1C50A43}
	EndGlobalSection
EndGlobal
